{
  "name": "angular-get-html-defs-bug",
  "version": "1.0.0",
  "lockfileVersion": 2,
  "requires": true,
  "packages": {
    "": {
      "name": "angular-get-html-defs-bug",
      "version": "1.0.0",
      "license": "ISC",
      "devDependencies": {
        "@angular/compiler": "^16.2.9"
      }
    },
    "node_modules/@angular/compiler": {
      "version": "16.2.9",
      "resolved": "https://registry.npmjs.org/@angular/compiler/-/compiler-16.2.9.tgz",
      "integrity": "sha512-lh799pnbdvzTVShJHOY1JC6c1pwBsZC4UIgB3Itklo9dskGybQma/gP+lE6RhqM4FblNfaaBXGlCMUuY8HkmEQ==",
      "dev": true,
      "dependencies": {
        "tslib": "^2.3.0"
      },
      "engines": {
        "node": "^16.14.0 || >=18.10.0"
      },
      "peerDependencies": {
        "@angular/core": "16.2.9"
      },
      "peerDependenciesMeta": {
        "@angular/core": {
          "optional": true
        }
      }
    },
    "node_modules/tslib": {
      "version": "2.6.2",
      "resolved": "https://registry.npmjs.org/tslib/-/tslib-2.6.2.tgz",
      "integrity": "sha512-AEYxH93jGFPn/a2iVAwW87VuUIkR1FVUKB77NwMF7nBTDkDrrT/Hpt/IrCJ0QXhW27jTBDcf5ZY7w6RiqTMw2Q==",
      "dev": true
    }
  },
  "dependencies": {
    "@angular/compiler": {
      "version": "16.2.9",
      "resolved": "https://registry.npmjs.org/@angular/compiler/-/compiler-16.2.9.tgz",
      "integrity": "sha512-lh799pnbdvzTVShJHOY1JC6c1pwBsZC4UIgB3Itklo9dskGybQma/gP+lE6RhqM4FblNfaaBXGlCMUuY8HkmEQ==",
      "dev": true,
      "requires": {
        "tslib": "^2.3.0"
      }
    },
    "tslib": {
      "version": "2.6.2",
      "resolved": "https://registry.npmjs.org/tslib/-/tslib-2.6.2.tgz",
      "integrity": "sha512-AEYxH93jGFPn/a2iVAwW87VuUIkR1FVUKB77NwMF7nBTDkDrrT/Hpt/IrCJ0QXhW27jTBDcf5ZY7w6RiqTMw2Q==",
      "dev": true
    }
  }
}
